
Microsoft Visual Studio Solution File, Format Version 12.00
# Visual Studio Version 17
VisualStudioVersion = 17.5.002.0
MinimumVisualStudioVersion = 10.0.40219.1
Project("{9A19103F-16F7-4668-BE54-9A1E7A4F7556}") = "TodoApi", "TodoApi.csproj", "{B7457E50-D374-4BFC-8159-CED235C428E0}"
EndProject
Global
	GlobalSection(SolutionConfigurationPlatforms) = preSolution
		Debug|Any CPU = Debug|Any CPU
		Release|Any CPU = Release|Any CPU
	EndGlobalSection
	GlobalSection(ProjectConfigurationPlatforms) = postSolution
		{B7457E50-D374-4BFC-8159-CED235C428E0}.Debug|Any CPU.ActiveCfg = Debug|Any CPU
		{B7457E50-D374-4BFC-8159-CED235C428E0}.Debug|Any CPU.Build.0 = Debug|Any CPU
		{B7457E50-D374-4BFC-8159-CED235C428E0}.Release|Any CPU.ActiveCfg = Release|Any CPU
		{B7457E50-D374-4BFC-8159-CED235C428E0}.Release|Any CPU.Build.0 = Release|Any CPU
	EndGlobalSection
	GlobalSection(SolutionProperties) = preSolution
		HideSolutionNode = FALSE
	EndGlobalSection
	GlobalSection(ExtensibilityGlobals) = postSolution
		SolutionGuid = {90B149F9-E768-44A8-A50F-93CAA8FF1792}
	EndGlobalSection
EndGlobal
